
Microsoft Visual Studio Solution File, Format Version 12.00
# Visual Studio Version 16
VisualStudioVersion = 16.0.29709.97
MinimumVisualStudioVersion = 10.0.40219.1
Project("{9A19103F-16F7-4668-BE54-9A1E7A4F7556}") = "Middleware", "Middleware\Middleware.csproj", "{8DB30C7B-F9DE-4642-BCD3-916AC68B8F1A}"
EndProject
Global
	GlobalSection(SolutionConfigurationPlatforms) = preSolution
		Debug|Any CPU = Debug|Any CPU
		Release|Any CPU = Release|Any CPU
	EndGlobalSection
	GlobalSection(ProjectConfigurationPlatforms) = postSolution
		{8DB30C7B-F9DE-4642-BCD3-916AC68B8F1A}.Debug|Any CPU.ActiveCfg = Debug|Any CPU
		{8DB30C7B-F9DE-4642-BCD3-916AC68B8F1A}.Debug|Any CPU.Build.0 = Debug|Any CPU
		{8DB30C7B-F9DE-4642-BCD3-916AC68B8F1A}.Release|Any CPU.ActiveCfg = Release|Any CPU
		{8DB30C7B-F9DE-4642-BCD3-916AC68B8F1A}.Release|Any CPU.Build.0 = Release|Any CPU
	EndGlobalSection
	GlobalSection(SolutionProperties) = preSolution
		HideSolutionNode = FALSE
	EndGlobalSection
	GlobalSection(ExtensibilityGlobals) = postSolution
		SolutionGuid = {435CEC88-AC7B-4735-833A-DD91202C0C8D}
	EndGlobalSection
EndGlobal
